
Microsoft Visual Studio Solution File, Format Version 12.00
# Visual Studio Version 16
VisualStudioVersion = 16.0.29519.181
MinimumVisualStudioVersion = 10.0.40219.1
Project("{D954291E-2A0B-460D-934E-DC6B0785DB48}") = "TigerGraph.Shared", "TigerGraph.Shared\TigerGraph.Shared.shproj", "{308F54F5-177C-413B-9875-C3312EF0563E}"
EndProject
Project("{FAE04EC0-301F-11D3-BF4B-00C04F79EFBC}") = "TigerGraph.Web.Bridge", "TigerGraph.Web.Bridge\TigerGraph.Web.Bridge.csproj", "{9597BCED-F615-4863-B259-A9275C386152}"
EndProject
Project("{9A19103F-16F7-4668-BE54-9A1E7A4F7556}") = "TigerGraph.CLI", "TigerGraph.CLI\TigerGraph.CLI.csproj", "{1BBEEAC6-61B6-435A-AE3B-4E20FB02C1C4}"
EndProject
Project("{9A19103F-16F7-4668-BE54-9A1E7A4F7556}") = "TigerGraph.Lib", "TigerGraph.Lib\TigerGraph.Lib.csproj", "{CC82F5AA-4E7F-49FA-9E5D-4BB850E1A3DD}"
EndProject
Project("{2150E333-8FDC-42A3-9474-1A3956D46DE8}") = "Scripts", "Scripts", "{9A0B6275-9ECE-4AA6-A27B-C07265105B3D}"
	ProjectSection(SolutionItems) = preProject
		..\scripts\endpoints.cmd = ..\scripts\endpoints.cmd
		..\tg.cmd = ..\tg.cmd
	EndProjectSection
EndProject
Project("{9A19103F-16F7-4668-BE54-9A1E7A4F7556}") = "TigerGraph.Lib.WS", "TigerGraph.Lib.WS\TigerGraph.Lib.WS.csproj", "{8BF2A2C0-AB82-4486-9AC2-313617C87F7A}"
EndProject
Project("{2150E333-8FDC-42A3-9474-1A3956D46DE8}") = "Docs", "Docs", "{73F3716A-FB26-4917-BF9F-86AE47A78DFA}"
	ProjectSection(SolutionItems) = preProject
		..\scripts\endpoints.cmd = ..\scripts\endpoints.cmd
		..\docs\WebSharperSnippets.txt = ..\docs\WebSharperSnippets.txt
	EndProjectSection
EndProject
Project("{2150E333-8FDC-42A3-9474-1A3956D46DE8}") = "WebSharper", "WebSharper", "{BE70951D-7B32-440F-ACB8-9B9E5A77CE2B}"
EndProject
Project("{6EC3EE1D-3C4E-46DD-8F32-0CC8E7565705}") = "TigerGraph.Lib.Fs.WS", "TigerGraph.Lib.Fs.WS\TigerGraph.Lib.Fs.WS.fsproj", "{5F0970B4-510C-425C-A78A-C54F1D3ADE7F}"
EndProject
Project("{6EC3EE1D-3C4E-46DD-8F32-0CC8E7565705}") = "TigerGraph.Web.WS.SPADemo", "TigerGraph.Web.WS.SPADemo\TigerGraph.Web.WS.SPADemo.fsproj", "{5B7ADEF4-73D6-46F5-9CEB-A990C2354BA6}"
EndProject
Project("{9A19103F-16F7-4668-BE54-9A1E7A4F7556}") = "TigerGraph.Proxy", "TigerGraph.Proxy\TigerGraph.Proxy.csproj", "{13B76F1A-8C28-4DE8-AFD4-5B4C74848BE3}"
EndProject
Project("{2150E333-8FDC-42A3-9474-1A3956D46DE8}") = "Deploy", "Deploy", "{BA38BAAE-219F-451F-9BC0-3C320CE5B25C}"
	ProjectSection(SolutionItems) = preProject
		..\deploy\oc-create-tgproxy-app.cmd = ..\deploy\oc-create-tgproxy-app.cmd
		..\deploy\oc-deploy-tgproxy-build.cmd = ..\deploy\oc-deploy-tgproxy-build.cmd
	EndProjectSection
EndProject
Global
	GlobalSection(SharedMSBuildProjectFiles) = preSolution
		TigerGraph.Shared\TigerGraph.Shared.projitems*{308f54f5-177c-413b-9875-c3312ef0563e}*SharedItemsImports = 13
		TigerGraph.Shared\TigerGraph.Shared.projitems*{9597bced-f615-4863-b259-a9275c386152}*SharedItemsImports = 4
	EndGlobalSection
	GlobalSection(SolutionConfigurationPlatforms) = preSolution
		Debug|Any CPU = Debug|Any CPU
		Release|Any CPU = Release|Any CPU
	EndGlobalSection
	GlobalSection(ProjectConfigurationPlatforms) = postSolution
		{9597BCED-F615-4863-B259-A9275C386152}.Debug|Any CPU.ActiveCfg = Debug|Any CPU
		{9597BCED-F615-4863-B259-A9275C386152}.Debug|Any CPU.Build.0 = Debug|Any CPU
		{9597BCED-F615-4863-B259-A9275C386152}.Release|Any CPU.ActiveCfg = Release|Any CPU
		{9597BCED-F615-4863-B259-A9275C386152}.Release|Any CPU.Build.0 = Release|Any CPU
		{1BBEEAC6-61B6-435A-AE3B-4E20FB02C1C4}.Debug|Any CPU.ActiveCfg = Debug|Any CPU
		{1BBEEAC6-61B6-435A-AE3B-4E20FB02C1C4}.Debug|Any CPU.Build.0 = Debug|Any CPU
		{1BBEEAC6-61B6-435A-AE3B-4E20FB02C1C4}.Release|Any CPU.ActiveCfg = Release|Any CPU
		{1BBEEAC6-61B6-435A-AE3B-4E20FB02C1C4}.Release|Any CPU.Build.0 = Release|Any CPU
		{CC82F5AA-4E7F-49FA-9E5D-4BB850E1A3DD}.Debug|Any CPU.ActiveCfg = Debug|Any CPU
		{CC82F5AA-4E7F-49FA-9E5D-4BB850E1A3DD}.Debug|Any CPU.Build.0 = Debug|Any CPU
		{CC82F5AA-4E7F-49FA-9E5D-4BB850E1A3DD}.Release|Any CPU.ActiveCfg = Release|Any CPU
		{CC82F5AA-4E7F-49FA-9E5D-4BB850E1A3DD}.Release|Any CPU.Build.0 = Release|Any CPU
		{8BF2A2C0-AB82-4486-9AC2-313617C87F7A}.Debug|Any CPU.ActiveCfg = Debug|Any CPU
		{8BF2A2C0-AB82-4486-9AC2-313617C87F7A}.Debug|Any CPU.Build.0 = Debug|Any CPU
		{8BF2A2C0-AB82-4486-9AC2-313617C87F7A}.Release|Any CPU.ActiveCfg = Release|Any CPU
		{8BF2A2C0-AB82-4486-9AC2-313617C87F7A}.Release|Any CPU.Build.0 = Release|Any CPU
		{5F0970B4-510C-425C-A78A-C54F1D3ADE7F}.Debug|Any CPU.ActiveCfg = Debug|Any CPU
		{5F0970B4-510C-425C-A78A-C54F1D3ADE7F}.Debug|Any CPU.Build.0 = Debug|Any CPU
		{5F0970B4-510C-425C-A78A-C54F1D3ADE7F}.Release|Any CPU.ActiveCfg = Release|Any CPU
		{5F0970B4-510C-425C-A78A-C54F1D3ADE7F}.Release|Any CPU.Build.0 = Release|Any CPU
		{5B7ADEF4-73D6-46F5-9CEB-A990C2354BA6}.Debug|Any CPU.ActiveCfg = Debug|Any CPU
		{5B7ADEF4-73D6-46F5-9CEB-A990C2354BA6}.Debug|Any CPU.Build.0 = Debug|Any CPU
		{5B7ADEF4-73D6-46F5-9CEB-A990C2354BA6}.Release|Any CPU.ActiveCfg = Release|Any CPU
		{5B7ADEF4-73D6-46F5-9CEB-A990C2354BA6}.Release|Any CPU.Build.0 = Release|Any CPU
		{13B76F1A-8C28-4DE8-AFD4-5B4C74848BE3}.Debug|Any CPU.ActiveCfg = Debug|Any CPU
		{13B76F1A-8C28-4DE8-AFD4-5B4C74848BE3}.Debug|Any CPU.Build.0 = Debug|Any CPU
		{13B76F1A-8C28-4DE8-AFD4-5B4C74848BE3}.Release|Any CPU.ActiveCfg = Release|Any CPU
		{13B76F1A-8C28-4DE8-AFD4-5B4C74848BE3}.Release|Any CPU.Build.0 = Release|Any CPU
	EndGlobalSection
	GlobalSection(SolutionProperties) = preSolution
		HideSolutionNode = FALSE
	EndGlobalSection
	GlobalSection(NestedProjects) = preSolution
		{8BF2A2C0-AB82-4486-9AC2-313617C87F7A} = {BE70951D-7B32-440F-ACB8-9B9E5A77CE2B}
		{5F0970B4-510C-425C-A78A-C54F1D3ADE7F} = {BE70951D-7B32-440F-ACB8-9B9E5A77CE2B}
		{5B7ADEF4-73D6-46F5-9CEB-A990C2354BA6} = {BE70951D-7B32-440F-ACB8-9B9E5A77CE2B}
	EndGlobalSection
	GlobalSection(ExtensibilityGlobals) = postSolution
		SolutionGuid = {1144B40A-C699-4636-81B0-D2DF608CC04F}
	EndGlobalSection
EndGlobal
